
Microsoft Visual Studio Solution File, Format Version 12.00
# Visual Studio Version 16
VisualStudioVersion = 16.0.29905.134
MinimumVisualStudioVersion = 10.0.40219.1
Project("{9A19103F-16F7-4668-BE54-9A1E7A4F7556}") = "Apps.WindowsConfigurator", "Configurator\Apps.WindowsConfigurator.csproj", "{D0CF8996-9A69-4F6B-A695-37EEF2A7A082}"
EndProject
Project("{9A19103F-16F7-4668-BE54-9A1E7A4F7556}") = "Apps.WindowsContract", "Contract\Apps.WindowsContract.csproj", "{FFADB406-09FA-4608-B075-55F23DD1658F}"
EndProject
Project("{9A19103F-16F7-4668-BE54-9A1E7A4F7556}") = "Apps.Common", "..\Shared\Apps.Common\Apps.Common.csproj", "{30226AEA-3902-42BB-82A0-A3E2002509F4}"
EndProject
Project("{9A19103F-16F7-4668-BE54-9A1E7A4F7556}") = "PersonalCloud", "..\..\src\PersonalCloud\PersonalCloud.csproj", "{23154230-C049-4E01-91A5-EFB66959FC08}"
EndProject
Project("{2150E333-8FDC-42A3-9474-1A3956D46DE8}") = "Dependencies", "Dependencies", "{45225AC0-A5CF-4AD8-8827-2447791A5225}"
EndProject
Project("{9A19103F-16F7-4668-BE54-9A1E7A4F7556}") = "DokanFS.Core", "..\..\src\DokanFS.Core\DokanFS.Core.csproj", "{056F117F-E2E7-45DE-A3C9-1D91C53C35F6}"
EndProject
Project("{9A19103F-16F7-4668-BE54-9A1E7A4F7556}") = "DokanFS.TopFolderClient", "..\..\src\DokanFS.TopFolderClient\DokanFS.TopFolderClient.csproj", "{68E44A00-D93C-47F6-8E0A-986A21AB6116}"
EndProject
Project("{9A19103F-16F7-4668-BE54-9A1E7A4F7556}") = "Apps.WindowsService", "Service\Apps.WindowsService.csproj", "{1901BB3E-EEB7-4222-9227-BF3489B56C6C}"
EndProject
Project("{9A19103F-16F7-4668-BE54-9A1E7A4F7556}") = "Interface", "..\..\src\Interface\Interface.csproj", "{658B3812-FA97-49C6-975A-497AD951A7BE}"
EndProject
Global
	GlobalSection(SolutionConfigurationPlatforms) = preSolution
		Debug|Any CPU = Debug|Any CPU
		Release|Any CPU = Release|Any CPU
	EndGlobalSection
	GlobalSection(ProjectConfigurationPlatforms) = postSolution
		{D0CF8996-9A69-4F6B-A695-37EEF2A7A082}.Debug|Any CPU.ActiveCfg = Debug|Any CPU
		{D0CF8996-9A69-4F6B-A695-37EEF2A7A082}.Debug|Any CPU.Build.0 = Debug|Any CPU
		{D0CF8996-9A69-4F6B-A695-37EEF2A7A082}.Release|Any CPU.ActiveCfg = Release|Any CPU
		{D0CF8996-9A69-4F6B-A695-37EEF2A7A082}.Release|Any CPU.Build.0 = Release|Any CPU
		{FFADB406-09FA-4608-B075-55F23DD1658F}.Debug|Any CPU.ActiveCfg = Debug|Any CPU
		{FFADB406-09FA-4608-B075-55F23DD1658F}.Debug|Any CPU.Build.0 = Debug|Any CPU
		{FFADB406-09FA-4608-B075-55F23DD1658F}.Release|Any CPU.ActiveCfg = Release|Any CPU
		{FFADB406-09FA-4608-B075-55F23DD1658F}.Release|Any CPU.Build.0 = Release|Any CPU
		{30226AEA-3902-42BB-82A0-A3E2002509F4}.Debug|Any CPU.ActiveCfg = Debug|Any CPU
		{30226AEA-3902-42BB-82A0-A3E2002509F4}.Debug|Any CPU.Build.0 = Debug|Any CPU
		{30226AEA-3902-42BB-82A0-A3E2002509F4}.Release|Any CPU.ActiveCfg = Release|Any CPU
		{30226AEA-3902-42BB-82A0-A3E2002509F4}.Release|Any CPU.Build.0 = Release|Any CPU
		{23154230-C049-4E01-91A5-EFB66959FC08}.Debug|Any CPU.ActiveCfg = Debug|Any CPU
		{23154230-C049-4E01-91A5-EFB66959FC08}.Debug|Any CPU.Build.0 = Debug|Any CPU
		{23154230-C049-4E01-91A5-EFB66959FC08}.Release|Any CPU.ActiveCfg = Release|Any CPU
		{23154230-C049-4E01-91A5-EFB66959FC08}.Release|Any CPU.Build.0 = Release|Any CPU
		{056F117F-E2E7-45DE-A3C9-1D91C53C35F6}.Debug|Any CPU.ActiveCfg = Debug|Any CPU
		{056F117F-E2E7-45DE-A3C9-1D91C53C35F6}.Debug|Any CPU.Build.0 = Debug|Any CPU
		{056F117F-E2E7-45DE-A3C9-1D91C53C35F6}.Release|Any CPU.ActiveCfg = Release|Any CPU
		{056F117F-E2E7-45DE-A3C9-1D91C53C35F6}.Release|Any CPU.Build.0 = Release|Any CPU
		{68E44A00-D93C-47F6-8E0A-986A21AB6116}.Debug|Any CPU.ActiveCfg = Debug|Any CPU
		{68E44A00-D93C-47F6-8E0A-986A21AB6116}.Debug|Any CPU.Build.0 = Debug|Any CPU
		{68E44A00-D93C-47F6-8E0A-986A21AB6116}.Release|Any CPU.ActiveCfg = Release|Any CPU
		{68E44A00-D93C-47F6-8E0A-986A21AB6116}.Release|Any CPU.Build.0 = Release|Any CPU
		{1901BB3E-EEB7-4222-9227-BF3489B56C6C}.Debug|Any CPU.ActiveCfg = Debug|Any CPU
		{1901BB3E-EEB7-4222-9227-BF3489B56C6C}.Debug|Any CPU.Build.0 = Debug|Any CPU
		{1901BB3E-EEB7-4222-9227-BF3489B56C6C}.Release|Any CPU.ActiveCfg = Release|Any CPU
		{1901BB3E-EEB7-4222-9227-BF3489B56C6C}.Release|Any CPU.Build.0 = Release|Any CPU
		{658B3812-FA97-49C6-975A-497AD951A7BE}.Debug|Any CPU.ActiveCfg = Debug|Any CPU
		{658B3812-FA97-49C6-975A-497AD951A7BE}.Debug|Any CPU.Build.0 = Debug|Any CPU
		{658B3812-FA97-49C6-975A-497AD951A7BE}.Release|Any CPU.ActiveCfg = Release|Any CPU
		{658B3812-FA97-49C6-975A-497AD951A7BE}.Release|Any CPU.Build.0 = Release|Any CPU
	EndGlobalSection
	GlobalSection(SolutionProperties) = preSolution
		HideSolutionNode = FALSE
	EndGlobalSection
	GlobalSection(NestedProjects) = preSolution
		{30226AEA-3902-42BB-82A0-A3E2002509F4} = {45225AC0-A5CF-4AD8-8827-2447791A5225}
		{23154230-C049-4E01-91A5-EFB66959FC08} = {45225AC0-A5CF-4AD8-8827-2447791A5225}
		{056F117F-E2E7-45DE-A3C9-1D91C53C35F6} = {45225AC0-A5CF-4AD8-8827-2447791A5225}
		{68E44A00-D93C-47F6-8E0A-986A21AB6116} = {45225AC0-A5CF-4AD8-8827-2447791A5225}
		{658B3812-FA97-49C6-975A-497AD951A7BE} = {45225AC0-A5CF-4AD8-8827-2447791A5225}
	EndGlobalSection
	GlobalSection(ExtensibilityGlobals) = postSolution
		SolutionGuid = {C56E5B9B-DB07-4FA1-B3C0-20F7EAC5C1C1}
	EndGlobalSection
EndGlobal
