
Microsoft Visual Studio Solution File, Format Version 12.00
# Visual Studio Version 16
VisualStudioVersion = 16.0.29905.134
MinimumVisualStudioVersion = 10.0.40219.1
Project("{9A19103F-16F7-4668-BE54-9A1E7A4F7556}") = "Apps.WindowsConfigurator", "Configurator\Apps.WindowsConfigurator.csproj", "{D0CF8996-9A69-4F6B-A695-37EEF2A7A082}"
EndProject
Project("{9A19103F-16F7-4668-BE54-9A1E7A4F7556}") = "Apps.WindowsContract", "Contract\Apps.WindowsContract.csproj", "{FFADB406-09FA-4608-B075-55F23DD1658F}"
EndProject
Project("{2150E333-8FDC-42A3-9474-1A3956D46DE8}") = "Dependencies", "Dependencies", "{45225AC0-A5CF-4AD8-8827-2447791A5225}"
EndProject
Project("{9A19103F-16F7-4668-BE54-9A1E7A4F7556}") = "Apps.WindowsService", "Service\Apps.WindowsService.csproj", "{1901BB3E-EEB7-4222-9227-BF3489B56C6C}"
EndProject
Project("{9A19103F-16F7-4668-BE54-9A1E7A4F7556}") = "Interface", "PersonalCloud.Core\src\Interface\Interface.csproj", "{407CC864-7BC5-43F9-9169-860498990FB8}"
EndProject
Project("{9A19103F-16F7-4668-BE54-9A1E7A4F7556}") = "PersonalCloud", "PersonalCloud.Core\src\PersonalCloud\PersonalCloud.csproj", "{64FEE7C4-DDDD-4268-B7B2-975A97C398E0}"
EndProject
Project("{9A19103F-16F7-4668-BE54-9A1E7A4F7556}") = "Apps.Common", "PersonalCloud.Apps.Common\Apps.Common.csproj", "{4FB0FDA6-8593-40C3-98AD-B5B94F5C17B1}"
EndProject
Project("{9A19103F-16F7-4668-BE54-9A1E7A4F7556}") = "DokanFS.Core", "DokanFS\Source\DokanFS.Core\DokanFS.Core.csproj", "{B2D078B3-95C2-4A67-844C-8C393D689734}"
EndProject
Project("{9A19103F-16F7-4668-BE54-9A1E7A4F7556}") = "DokanFS.PersonalCloud", "DokanFS.PersonalCloud\DokanFS.PersonalCloud.csproj", "{854D6C5C-F833-4440-9057-2557C3BB8185}"
EndProject
Project("{9A19103F-16F7-4668-BE54-9A1E7A4F7556}") = "JKang.IpcServiceFramework.Server", "IpcServiceFramework\src\JKang.IpcServiceFramework.Server\JKang.IpcServiceFramework.Server.csproj", "{DFEDEB08-65BE-4C5D-AE24-E7B731924B66}"
EndProject
Project("{9A19103F-16F7-4668-BE54-9A1E7A4F7556}") = "AlbumComon", "PersonalCloud.Core\src\Apps\Album\AlbumComon\AlbumComon.csproj", "{013FB07E-165B-4461-8600-239F030F2720}"
EndProject
Global
	GlobalSection(SolutionConfigurationPlatforms) = preSolution
		Debug|Any CPU = Debug|Any CPU
		Release|Any CPU = Release|Any CPU
	EndGlobalSection
	GlobalSection(ProjectConfigurationPlatforms) = postSolution
		{D0CF8996-9A69-4F6B-A695-37EEF2A7A082}.Debug|Any CPU.ActiveCfg = Debug|Any CPU
		{D0CF8996-9A69-4F6B-A695-37EEF2A7A082}.Debug|Any CPU.Build.0 = Debug|Any CPU
		{D0CF8996-9A69-4F6B-A695-37EEF2A7A082}.Release|Any CPU.ActiveCfg = Release|Any CPU
		{D0CF8996-9A69-4F6B-A695-37EEF2A7A082}.Release|Any CPU.Build.0 = Release|Any CPU
		{FFADB406-09FA-4608-B075-55F23DD1658F}.Debug|Any CPU.ActiveCfg = Debug|Any CPU
		{FFADB406-09FA-4608-B075-55F23DD1658F}.Debug|Any CPU.Build.0 = Debug|Any CPU
		{FFADB406-09FA-4608-B075-55F23DD1658F}.Release|Any CPU.ActiveCfg = Release|Any CPU
		{FFADB406-09FA-4608-B075-55F23DD1658F}.Release|Any CPU.Build.0 = Release|Any CPU
		{1901BB3E-EEB7-4222-9227-BF3489B56C6C}.Debug|Any CPU.ActiveCfg = Debug|Any CPU
		{1901BB3E-EEB7-4222-9227-BF3489B56C6C}.Debug|Any CPU.Build.0 = Debug|Any CPU
		{1901BB3E-EEB7-4222-9227-BF3489B56C6C}.Release|Any CPU.ActiveCfg = Release|Any CPU
		{1901BB3E-EEB7-4222-9227-BF3489B56C6C}.Release|Any CPU.Build.0 = Release|Any CPU
		{407CC864-7BC5-43F9-9169-860498990FB8}.Debug|Any CPU.ActiveCfg = Debug|Any CPU
		{407CC864-7BC5-43F9-9169-860498990FB8}.Debug|Any CPU.Build.0 = Debug|Any CPU
		{407CC864-7BC5-43F9-9169-860498990FB8}.Release|Any CPU.ActiveCfg = Release|Any CPU
		{407CC864-7BC5-43F9-9169-860498990FB8}.Release|Any CPU.Build.0 = Release|Any CPU
		{64FEE7C4-DDDD-4268-B7B2-975A97C398E0}.Debug|Any CPU.ActiveCfg = Debug|Any CPU
		{64FEE7C4-DDDD-4268-B7B2-975A97C398E0}.Debug|Any CPU.Build.0 = Debug|Any CPU
		{64FEE7C4-DDDD-4268-B7B2-975A97C398E0}.Release|Any CPU.ActiveCfg = Release|Any CPU
		{64FEE7C4-DDDD-4268-B7B2-975A97C398E0}.Release|Any CPU.Build.0 = Release|Any CPU
		{4FB0FDA6-8593-40C3-98AD-B5B94F5C17B1}.Debug|Any CPU.ActiveCfg = Debug|Any CPU
		{4FB0FDA6-8593-40C3-98AD-B5B94F5C17B1}.Debug|Any CPU.Build.0 = Debug|Any CPU
		{4FB0FDA6-8593-40C3-98AD-B5B94F5C17B1}.Release|Any CPU.ActiveCfg = Release|Any CPU
		{4FB0FDA6-8593-40C3-98AD-B5B94F5C17B1}.Release|Any CPU.Build.0 = Release|Any CPU
		{B2D078B3-95C2-4A67-844C-8C393D689734}.Debug|Any CPU.ActiveCfg = Debug|Any CPU
		{B2D078B3-95C2-4A67-844C-8C393D689734}.Debug|Any CPU.Build.0 = Debug|Any CPU
		{B2D078B3-95C2-4A67-844C-8C393D689734}.Release|Any CPU.ActiveCfg = Release|Any CPU
		{B2D078B3-95C2-4A67-844C-8C393D689734}.Release|Any CPU.Build.0 = Release|Any CPU
		{854D6C5C-F833-4440-9057-2557C3BB8185}.Debug|Any CPU.ActiveCfg = Debug|Any CPU
		{854D6C5C-F833-4440-9057-2557C3BB8185}.Debug|Any CPU.Build.0 = Debug|Any CPU
		{854D6C5C-F833-4440-9057-2557C3BB8185}.Release|Any CPU.ActiveCfg = Release|Any CPU
		{854D6C5C-F833-4440-9057-2557C3BB8185}.Release|Any CPU.Build.0 = Release|Any CPU
		{DFEDEB08-65BE-4C5D-AE24-E7B731924B66}.Debug|Any CPU.ActiveCfg = Debug|Any CPU
		{DFEDEB08-65BE-4C5D-AE24-E7B731924B66}.Debug|Any CPU.Build.0 = Debug|Any CPU
		{DFEDEB08-65BE-4C5D-AE24-E7B731924B66}.Release|Any CPU.ActiveCfg = Release|Any CPU
		{DFEDEB08-65BE-4C5D-AE24-E7B731924B66}.Release|Any CPU.Build.0 = Release|Any CPU
		{013FB07E-165B-4461-8600-239F030F2720}.Debug|Any CPU.ActiveCfg = Debug|Any CPU
		{013FB07E-165B-4461-8600-239F030F2720}.Debug|Any CPU.Build.0 = Debug|Any CPU
		{013FB07E-165B-4461-8600-239F030F2720}.Release|Any CPU.ActiveCfg = Release|Any CPU
		{013FB07E-165B-4461-8600-239F030F2720}.Release|Any CPU.Build.0 = Release|Any CPU
	EndGlobalSection
	GlobalSection(SolutionProperties) = preSolution
		HideSolutionNode = FALSE
	EndGlobalSection
	GlobalSection(NestedProjects) = preSolution
		{407CC864-7BC5-43F9-9169-860498990FB8} = {45225AC0-A5CF-4AD8-8827-2447791A5225}
		{64FEE7C4-DDDD-4268-B7B2-975A97C398E0} = {45225AC0-A5CF-4AD8-8827-2447791A5225}
		{4FB0FDA6-8593-40C3-98AD-B5B94F5C17B1} = {45225AC0-A5CF-4AD8-8827-2447791A5225}
		{B2D078B3-95C2-4A67-844C-8C393D689734} = {45225AC0-A5CF-4AD8-8827-2447791A5225}
		{854D6C5C-F833-4440-9057-2557C3BB8185} = {45225AC0-A5CF-4AD8-8827-2447791A5225}
		{DFEDEB08-65BE-4C5D-AE24-E7B731924B66} = {45225AC0-A5CF-4AD8-8827-2447791A5225}
		{013FB07E-165B-4461-8600-239F030F2720} = {45225AC0-A5CF-4AD8-8827-2447791A5225}
	EndGlobalSection
	GlobalSection(ExtensibilityGlobals) = postSolution
		SolutionGuid = {C56E5B9B-DB07-4FA1-B3C0-20F7EAC5C1C1}
	EndGlobalSection
EndGlobal
